// !$*UTF8*$!
{
	archiveVersion = 1;
	classes = {
	};
	objectVersion = 56;
	objects = {

/* Begin PBXBuildFile section */
		5EFBE75A28EDABC1003C3F8A /* AppDelegate.swift in Sources */ = {isa = PBXBuildFile; fileRef = 5EFBE75928EDABC1003C3F8A /* AppDelegate.swift */; };
		5EFBE75C28EDABC1003C3F8A /* SceneDelegate.swift in Sources */ = {isa = PBXBuildFile; fileRef = 5EFBE75B28EDABC1003C3F8A /* SceneDelegate.swift */; };
		5EFBE75E28EDABC1003C3F8A /* ViewController.swift in Sources */ = {isa = PBXBuildFile; fileRef = 5EFBE75D28EDABC1003C3F8A /* ViewController.swift */; };
		5EFBE76128EDABC1003C3F8A /* Main.storyboard in Resources */ = {isa = PBXBuildFile; fileRef = 5EFBE75F28EDABC1003C3F8A /* Main.storyboard */; };
		5EFBE76328EDABC2003C3F8A /* Assets.xcassets in Resources */ = {isa = PBXBuildFile; fileRef = 5EFBE76228EDABC2003C3F8A /* Assets.xcassets */; };
		5EFBE76628EDABC2003C3F8A /* LaunchScreen.storyboard in Resources */ = {isa = PBXBuildFile; fileRef = 5EFBE76428EDABC2003C3F8A /* LaunchScreen.storyboard */; };
		5EFBE76E28EDABDF003C3F8A /* countries.json in Resources */ = {isa = PBXBuildFile; fileRef = 5EFBE76D28EDABDF003C3F8A /* countries.json */; };
		5EFBE77028EDAEE8003C3F8A /* CountryModel.swift in Sources */ = {isa = PBXBuildFile; fileRef = 5EFBE76F28EDAEE8003C3F8A /* CountryModel.swift */; };
/* End PBXBuildFile section */

/* Begin PBXFileReference section */
		5EFBE75628EDABC1003C3F8A /* Day59ChallengeProject.app */ = {isa = PBXFileReference; explicitFileType = wrapper.application; includeInIndex = 0; path = Day59ChallengeProject.app; sourceTree = BUILT_PRODUCTS_DIR; };
		5EFBE75928EDABC1003C3F8A /* AppDelegate.swift */ = {isa = PBXFileReference; lastKnownFileType = sourcecode.swift; path = AppDelegate.swift; sourceTree = "<group>"; };
		5EFBE75B28EDABC1003C3F8A /* SceneDelegate.swift */ = {isa = PBXFileReference; lastKnownFileType = sourcecode.swift; path = SceneDelegate.swift; sourceTree = "<group>"; };
		5EFBE75D28EDABC1003C3F8A /* ViewController.swift */ = {isa = PBXFileReference; lastKnownFileType = sourcecode.swift; path = ViewController.swift; sourceTree = "<group>"; };
		5EFBE76028EDABC1003C3F8A /* Base */ = {isa = PBXFileReference; lastKnownFileType = file.storyboard; name = Base; path = Base.lproj/Main.storyboard; sourceTree = "<group>"; };
		5EFBE76228EDABC2003C3F8A /* Assets.xcassets */ = {isa = PBXFileReference; lastKnownFileType = folder.assetcatalog; path = Assets.xcassets; sourceTree = "<group>"; };
		5EFBE76528EDABC2003C3F8A /* Base */ = {isa = PBXFileReference; lastKnownFileType = file.storyboard; name = Base; path = Base.lproj/LaunchScreen.storyboard; sourceTree = "<group>"; };
		5EFBE76728EDABC2003C3F8A /* Info.plist */ = {isa = PBXFileReference; lastKnownFileType = text.plist.xml; path = Info.plist; sourceTree = "<group>"; };
		5EFBE76D28EDABDF003C3F8A /* countries.json */ = {isa = PBXFileReference; fileEncoding = 4; lastKnownFileType = text.json; path = countries.json; sourceTree = "<group>"; };
		5EFBE76F28EDAEE8003C3F8A /* CountryModel.swift */ = {isa = PBXFileReference; lastKnownFileType = sourcecode.swift; path = CountryModel.swift; sourceTree = "<group>"; };
/* End PBXFileReference section */

/* Begin PBXFrameworksBuildPhase section */
		5EFBE75328EDABC1003C3F8A /* Frameworks */ = {
			isa = PBXFrameworksBuildPhase;
			buildActionMask = 2147483647;
			files = (
			);
			runOnlyForDeploymentPostprocessing = 0;
		};
/* End PBXFrameworksBuildPhase section */

/* Begin PBXGroup section */
		5EFBE74D28EDABC1003C3F8A = {
			isa = PBXGroup;
			children = (
				5EFBE75828EDABC1003C3F8A /* Day59ChallengeProject */,
				5EFBE75728EDABC1003C3F8A /* Products */,
			);
			sourceTree = "<group>";
		};
		5EFBE75728EDABC1003C3F8A /* Products */ = {
			isa = PBXGroup;
			children = (
				5EFBE75628EDABC1003C3F8A /* Day59ChallengeProject.app */,
			);
			name = Products;
			sourceTree = "<group>";
		};
		5EFBE75828EDABC1003C3F8A /* Day59ChallengeProject */ = {
			isa = PBXGroup;
			children = (
				5EFBE75928EDABC1003C3F8A /* AppDelegate.swift */,
				5EFBE75B28EDABC1003C3F8A /* SceneDelegate.swift */,
				5EFBE75D28EDABC1003C3F8A /* ViewController.swift */,
				5EFBE76F28EDAEE8003C3F8A /* CountryModel.swift */,
				5EFBE75F28EDABC1003C3F8A /* Main.storyboard */,
				5EFBE76228EDABC2003C3F8A /* Assets.xcassets */,
				5EFBE76428EDABC2003C3F8A /* LaunchScreen.storyboard */,
				5EFBE76728EDABC2003C3F8A /* Info.plist */,
				5EFBE76D28EDABDF003C3F8A /* countries.json */,
			);
			path = Day59ChallengeProject;
			sourceTree = "<group>";
		};
/* End PBXGroup section */

/* Begin PBXNativeTarget section */
		5EFBE75528EDABC1003C3F8A /* Day59ChallengeProject */ = {
			isa = PBXNativeTarget;
			buildConfigurationList = 5EFBE76A28EDABC2003C3F8A /* Build configuration list for PBXNativeTarget "Day59ChallengeProject" */;
			buildPhases = (
				5EFBE75228EDABC1003C3F8A /* Sources */,
				5EFBE75328EDABC1003C3F8A /* Frameworks */,
				5EFBE75428EDABC1003C3F8A /* Resources */,
			);
			buildRules = (
			);
			dependencies = (
			);
			name = Day59ChallengeProject;
			productName = Day59ChallengeProject;
			productReference = 5EFBE75628EDABC1003C3F8A /* Day59ChallengeProject.app */;
			productType = "com.apple.product-type.application";
		};
/* End PBXNativeTarget section */

/* Begin PBXProject section */
		5EFBE74E28EDABC1003C3F8A /* Project object */ = {
			isa = PBXProject;
			attributes = {
				BuildIndependentTargetsInParallel = 1;
				LastSwiftUpdateCheck = 1400;
				LastUpgradeCheck = 1400;
				TargetAttributes = {
					5EFBE75528EDABC1003C3F8A = {
						CreatedOnToolsVersion = 14.0.1;
					};
				};
			};
			buildConfigurationList = 5EFBE75128EDABC1003C3F8A /* Build configuration list for PBXProject "Day59ChallengeProject" */;
			compatibilityVersion = "Xcode 14.0";
			developmentRegion = en;
			hasScannedForEncodings = 0;
			knownRegions = (
				en,
				Base,
			);
			mainGroup = 5EFBE74D28EDABC1003C3F8A;
			productRefGroup = 5EFBE75728EDABC1003C3F8A /* Products */;
			projectDirPath = "";
			projectRoot = "";
			targets = (
				5EFBE75528EDABC1003C3F8A /* Day59ChallengeProject */,
			);
		};
/* End PBXProject section */

/* Begin PBXResourcesBuildPhase section */
		5EFBE75428EDABC1003C3F8A /* Resources */ = {
			isa = PBXResourcesBuildPhase;
			buildActionMask = 2147483647;
			files = (
				5EFBE76628EDABC2003C3F8A /* LaunchScreen.storyboard in Resources */,
				5EFBE76328EDABC2003C3F8A /* Assets.xcassets in Resources */,
				5EFBE76E28EDABDF003C3F8A /* countries.json in Resources */,
				5EFBE76128EDABC1003C3F8A /* Main.storyboard in Resources */,
			);
			runOnlyForDeploymentPostprocessing = 0;
		};
/* End PBXResourcesBuildPhase section */

/* Begin PBXSourcesBuildPhase section */
		5EFBE75228EDABC1003C3F8A /* Sources */ = {
			isa = PBXSourcesBuildPhase;
			buildActionMask = 2147483647;
			files = (
				5EFBE75E28EDABC1003C3F8A /* ViewController.swift in Sources */,
				5EFBE75A28EDABC1003C3F8A /* AppDelegate.swift in Sources */,
				5EFBE77028EDAEE8003C3F8A /* CountryModel.swift in Sources */,
				5EFBE75C28EDABC1003C3F8A /* SceneDelegate.swift in Sources */,
			);
			runOnlyForDeploymentPostprocessing = 0;
		};
/* End PBXSourcesBuildPhase section */

/* Begin PBXVariantGroup section */
		5EFBE75F28EDABC1003C3F8A /* Main.storyboard */ = {
			isa = PBXVariantGroup;
			children = (
				5EFBE76028EDABC1003C3F8A /* Base */,
			);
			name = Main.storyboard;
			sourceTree = "<group>";
		};
		5EFBE76428EDABC2003C3F8A /* LaunchScreen.storyboard */ = {
			isa = PBXVariantGroup;
			children = (
				5EFBE76528EDABC2003C3F8A /* Base */,
			);
			name = LaunchScreen.storyboard;
			sourceTree = "<group>";
		};
/* End PBXVariantGroup section */

/* Begin XCBuildConfiguration section */
		5EFBE76828EDABC2003C3F8A /* Debug */ = {
			isa = XCBuildConfiguration;
			buildSettings = {
				ALWAYS_SEARCH_USER_PATHS = NO;
				CLANG_ANALYZER_NONNULL = YES;
				CLANG_ANALYZER_NUMBER_OBJECT_CONVERSION = YES_AGGRESSIVE;
				CLANG_CXX_LANGUAGE_STANDARD = "gnu++20";
				CLANG_ENABLE_MODULES = YES;
				CLANG_ENABLE_OBJC_ARC = YES;
				CLANG_ENABLE_OBJC_WEAK = YES;
				CLANG_WARN_BLOCK_CAPTURE_AUTORELEASING = YES;
				CLANG_WARN_BOOL_CONVERSION = YES;
				CLANG_WARN_COMMA = YES;
				CLANG_WARN_CONSTANT_CONVERSION = YES;
				CLANG_WARN_DEPRECATED_OBJC_IMPLEMENTATIONS = YES;
				CLANG_WARN_DIRECT_OBJC_ISA_USAGE = YES_ERROR;
				CLANG_WARN_DOCUMENTATION_COMMENTS = YES;
				CLANG_WARN_EMPTY_BODY = YES;
				CLANG_WARN_ENUM_CONVERSION = YES;
				CLANG_WARN_INFINITE_RECURSION = YES;
				CLANG_WARN_INT_CONVERSION = YES;
				CLANG_WARN_NON_LITERAL_NULL_CONVERSION = YES;
				CLANG_WARN_OBJC_IMPLICIT_RETAIN_SELF = YES;
				CLANG_WARN_OBJC_LITERAL_CONVERSION = YES;
				CLANG_WARN_OBJC_ROOT_CLASS = YES_ERROR;
				CLANG_WARN_QUOTED_INCLUDE_IN_FRAMEWORK_HEADER = YES;
				CLANG_WARN_RANGE_LOOP_ANALYSIS = YES;
				CLANG_WARN_STRICT_PROTOTYPES = YES;
				CLANG_WARN_SUSPICIOUS_MOVE = YES;
				CLANG_WARN_UNGUARDED_AVAILABILITY = YES_AGGRESSIVE;
				CLANG_WARN_UNREACHABLE_CODE = YES;
				CLANG_WARN__DUPLICATE_METHOD_MATCH = YES;
				COPY_PHASE_STRIP = NO;
				DEBUG_INFORMATION_FORMAT = dwarf;
				ENABLE_STRICT_OBJC_MSGSEND = YES;
				ENABLE_TESTABILITY = YES;
				GCC_C_LANGUAGE_STANDARD = gnu11;
				GCC_DYNAMIC_NO_PIC = NO;
				GCC_NO_COMMON_BLOCKS = YES;
				GCC_OPTIMIZATION_LEVEL = 0;
				GCC_PREPROCESSOR_DEFINITIONS = (
					"DEBUG=1",
					"$(inherited)",
				);
				GCC_WARN_64_TO_32_BIT_CONVERSION = YES;
				GCC_WARN_ABOUT_RETURN_TYPE = YES_ERROR;
				GCC_WARN_UNDECLARED_SELECTOR = YES;
				GCC_WARN_UNINITIALIZED_AUTOS = YES_AGGRESSIVE;
				GCC_WARN_UNUSED_FUNCTION = YES;
				GCC_WARN_UNUSED_VARIABLE = YES;
				IPHONEOS_DEPLOYMENT_TARGET = 16.0;
				MTL_ENABLE_DEBUG_INFO = INCLUDE_SOURCE;
				MTL_FAST_MATH = YES;
				ONLY_ACTIVE_ARCH = YES;
				SDKROOT = iphoneos;
				SWIFT_ACTIVE_COMPILATION_CONDITIONS = DEBUG;
				SWIFT_OPTIMIZATION_LEVEL = "-Onone";
			};
			name = Debug;
		};
		5EFBE76928EDABC2003C3F8A /* Release */ = {
			isa = XCBuildConfiguration;
			buildSettings = {
				ALWAYS_SEARCH_USER_PATHS = NO;
				CLANG_ANALYZER_NONNULL = YES;
				CLANG_ANALYZER_NUMBER_OBJECT_CONVERSION = YES_AGGRESSIVE;
				CLANG_CXX_LANGUAGE_STANDARD = "gnu++20";
				CLANG_ENABLE_MODULES = YES;
				CLANG_ENABLE_OBJC_ARC = YES;
				CLANG_ENABLE_OBJC_WEAK = YES;
				CLANG_WARN_BLOCK_CAPTURE_AUTORELEASING = YES;
				CLANG_WARN_BOOL_CONVERSION = YES;
				CLANG_WARN_COMMA = YES;
				CLANG_WARN_CONSTANT_CONVERSION = YES;
				CLANG_WARN_DEPRECATED_OBJC_IMPLEMENTATIONS = YES;
				CLANG_WARN_DIRECT_OBJC_ISA_USAGE = YES_ERROR;
				CLANG_WARN_DOCUMENTATION_COMMENTS = YES;
				CLANG_WARN_EMPTY_BODY = YES;
				CLANG_WARN_ENUM_CONVERSION = YES;
				CLANG_WARN_INFINITE_RECURSION = YES;
				CLANG_WARN_INT_CONVERSION = YES;
				CLANG_WARN_NON_LITERAL_NULL_CONVERSION = YES;
				CLANG_WARN_OBJC_IMPLICIT_RETAIN_SELF = YES;
				CLANG_WARN_OBJC_LITERAL_CONVERSION = YES;
				CLANG_WARN_OBJC_ROOT_CLASS = YES_ERROR;
				CLANG_WARN_QUOTED_INCLUDE_IN_FRAMEWORK_HEADER = YES;
				CLANG_WARN_RANGE_LOOP_ANALYSIS = YES;
				CLANG_WARN_STRICT_PROTOTYPES = YES;
				CLANG_WARN_SUSPICIOUS_MOVE = YES;
				CLANG_WARN_UNGUARDED_AVAILABILITY = YES_AGGRESSIVE;
				CLANG_WARN_UNREACHABLE_CODE = YES;
				CLANG_WARN__DUPLICATE_METHOD_MATCH = YES;
				COPY_PHASE_STRIP = NO;
				DEBUG_INFORMATION_FORMAT = "dwarf-with-dsym";
				ENABLE_NS_ASSERTIONS = NO;
				ENABLE_STRICT_OBJC_MSGSEND = YES;
				GCC_C_LANGUAGE_STANDARD = gnu11;
				GCC_NO_COMMON_BLOCKS = YES;
				GCC_WARN_64_TO_32_BIT_CONVERSION = YES;
				GCC_WARN_ABOUT_RETURN_TYPE = YES_ERROR;
				GCC_WARN_UNDECLARED_SELECTOR = YES;
				GCC_WARN_UNINITIALIZED_AUTOS = YES_AGGRESSIVE;
				GCC_WARN_UNUSED_FUNCTION = YES;
				GCC_WARN_UNUSED_VARIABLE = YES;
				IPHONEOS_DEPLOYMENT_TARGET = 16.0;
				MTL_ENABLE_DEBUG_INFO = NO;
				MTL_FAST_MATH = YES;
				SDKROOT = iphoneos;
				SWIFT_COMPILATION_MODE = wholemodule;
				SWIFT_OPTIMIZATION_LEVEL = "-O";
				VALIDATE_PRODUCT = YES;
			};
			name = Release;
		};
		5EFBE76B28EDABC2003C3F8A /* Debug */ = {
			isa = XCBuildConfiguration;
			buildSettings = {
				ASSETCATALOG_COMPILER_APPICON_NAME = AppIcon;
				ASSETCATALOG_COMPILER_GLOBAL_ACCENT_COLOR_NAME = AccentColor;
				CODE_SIGN_STYLE = Automatic;
				CURRENT_PROJECT_VERSION = 1;
				DEVELOPMENT_TEAM = 753E9E6DKV;
				GENERATE_INFOPLIST_FILE = YES;
				INFOPLIST_FILE = Day59ChallengeProject/Info.plist;
				INFOPLIST_KEY_UIApplicationSupportsIndirectInputEvents = YES;
				INFOPLIST_KEY_UILaunchStoryboardName = LaunchScreen;
				INFOPLIST_KEY_UIMainStoryboardFile = Main;
				INFOPLIST_KEY_UISupportedInterfaceOrientations = UIInterfaceOrientationPortrait;
				INFOPLIST_KEY_UISupportedInterfaceOrientations_iPad = "UIInterfaceOrientationLandscapeLeft UIInterfaceOrientationLandscapeRight UIInterfaceOrientationPortrait UIInterfaceOrientationPortraitUpsideDown";
				LD_RUNPATH_SEARCH_PATHS = (
					"$(inherited)",
					"@executable_path/Frameworks",
				);
				MARKETING_VERSION = 1.0;
				PRODUCT_BUNDLE_IDENTIFIER = com.rcher.Day59ChallengeProject;
				PRODUCT_NAME = "$(TARGET_NAME)";
				SUPPORTED_PLATFORMS = "iphoneos iphonesimulator";
				SUPPORTS_MACCATALYST = NO;
				SUPPORTS_MAC_DESIGNED_FOR_IPHONE_IPAD = NO;
				SWIFT_EMIT_LOC_STRINGS = YES;
				SWIFT_VERSION = 5.0;
				TARGETED_DEVICE_FAMILY = 1;
			};
			name = Debug;
		};
		5EFBE76C28EDABC2003C3F8A /* Release */ = {
			isa = XCBuildConfiguration;
			buildSettings = {
				ASSETCATALOG_COMPILER_APPICON_NAME = AppIcon;
				ASSETCATALOG_COMPILER_GLOBAL_ACCENT_COLOR_NAME = AccentColor;
				CODE_SIGN_STYLE = Automatic;
				CURRENT_PROJECT_VERSION = 1;
				DEVELOPMENT_TEAM = 753E9E6DKV;
				GENERATE_INFOPLIST_FILE = YES;
				INFOPLIST_FILE = Day59ChallengeProject/Info.plist;
				INFOPLIST_KEY_UIApplicationSupportsIndirectInputEvents = YES;
				INFOPLIST_KEY_UILaunchStoryboardName = LaunchScreen;
				INFOPLIST_KEY_UIMainStoryboardFile = Main;
				INFOPLIST_KEY_UISupportedInterfaceOrientations = UIInterfaceOrientationPortrait;
				INFOPLIST_KEY_UISupportedInterfaceOrientations_iPad = "UIInterfaceOrientationLandscapeLeft UIInterfaceOrientationLandscapeRight UIInterfaceOrientationPortrait UIInterfaceOrientationPortraitUpsideDown";
				LD_RUNPATH_SEARCH_PATHS = (
					"$(inherited)",
					"@executable_path/Frameworks",
				);
				MARKETING_VERSION = 1.0;
				PRODUCT_BUNDLE_IDENTIFIER = com.rcher.Day59ChallengeProject;
				PRODUCT_NAME = "$(TARGET_NAME)";
				SUPPORTED_PLATFORMS = "iphoneos iphonesimulator";
				SUPPORTS_MACCATALYST = NO;
				SUPPORTS_MAC_DESIGNED_FOR_IPHONE_IPAD = NO;
				SWIFT_EMIT_LOC_STRINGS = YES;
				SWIFT_VERSION = 5.0;
				TARGETED_DEVICE_FAMILY = 1;
			};
			name = Release;
		};
/* End XCBuildConfiguration section */

/* Begin XCConfigurationList section */
		5EFBE75128EDABC1003C3F8A /* Build configuration list for PBXProject "Day59ChallengeProject" */ = {
			isa = XCConfigurationList;
			buildConfigurations = (
				5EFBE76828EDABC2003C3F8A /* Debug */,
				5EFBE76928EDABC2003C3F8A /* Release */,
			);
			defaultConfigurationIsVisible = 0;
			defaultConfigurationName = Release;
		};
		5EFBE76A28EDABC2003C3F8A /* Build configuration list for PBXNativeTarget "Day59ChallengeProject" */ = {
			isa = XCConfigurationList;
			buildConfigurations = (
				5EFBE76B28EDABC2003C3F8A /* Debug */,
				5EFBE76C28EDABC2003C3F8A /* Release */,
			);
			defaultConfigurationIsVisible = 0;
			defaultConfigurationName = Release;
		};
/* End XCConfigurationList section */
	};
	rootObject = 5EFBE74E28EDABC1003C3F8A /* Project object */;
}
