// !$*UTF8*$!
{
	archiveVersion = 1;
	classes = {
	};
	objectVersion = 55;
	objects = {

/* Begin PBXBuildFile section */
		5E1360F528C3918D00C5DE28 /* AppDelegate.swift in Sources */ = {isa = PBXBuildFile; fileRef = 5E1360F428C3918D00C5DE28 /* AppDelegate.swift */; };
		5E1360F728C3918D00C5DE28 /* SceneDelegate.swift in Sources */ = {isa = PBXBuildFile; fileRef = 5E1360F628C3918D00C5DE28 /* SceneDelegate.swift */; };
		5E1360F928C3918D00C5DE28 /* ViewController.swift in Sources */ = {isa = PBXBuildFile; fileRef = 5E1360F828C3918D00C5DE28 /* ViewController.swift */; };
		5E1360FC28C3918D00C5DE28 /* Main.storyboard in Resources */ = {isa = PBXBuildFile; fileRef = 5E1360FA28C3918D00C5DE28 /* Main.storyboard */; };
		5E1360FE28C3918E00C5DE28 /* Assets.xcassets in Resources */ = {isa = PBXBuildFile; fileRef = 5E1360FD28C3918E00C5DE28 /* Assets.xcassets */; };
		5E13610128C3918E00C5DE28 /* LaunchScreen.storyboard in Resources */ = {isa = PBXBuildFile; fileRef = 5E1360FF28C3918E00C5DE28 /* LaunchScreen.storyboard */; };
		5E13612028C392B800C5DE28 /* germany@2x.png in Resources */ = {isa = PBXBuildFile; fileRef = 5E13610828C392B700C5DE28 /* germany@2x.png */; };
		5E13612128C392B800C5DE28 /* poland@2x.png in Resources */ = {isa = PBXBuildFile; fileRef = 5E13610928C392B700C5DE28 /* poland@2x.png */; };
		5E13612228C392B800C5DE28 /* italy@3x.png in Resources */ = {isa = PBXBuildFile; fileRef = 5E13610A28C392B700C5DE28 /* italy@3x.png */; };
		5E13612328C392B800C5DE28 /* france@2x.png in Resources */ = {isa = PBXBuildFile; fileRef = 5E13610B28C392B700C5DE28 /* france@2x.png */; };
		5E13612428C392B800C5DE28 /* russia@2x.png in Resources */ = {isa = PBXBuildFile; fileRef = 5E13610C28C392B700C5DE28 /* russia@2x.png */; };
		5E13612528C392B800C5DE28 /* poland@3x.png in Resources */ = {isa = PBXBuildFile; fileRef = 5E13610D28C392B700C5DE28 /* poland@3x.png */; };
		5E13612628C392B800C5DE28 /* uk@2x.png in Resources */ = {isa = PBXBuildFile; fileRef = 5E13610E28C392B700C5DE28 /* uk@2x.png */; };
		5E13612728C392B800C5DE28 /* us@3x.png in Resources */ = {isa = PBXBuildFile; fileRef = 5E13610F28C392B700C5DE28 /* us@3x.png */; };
		5E13612828C392B800C5DE28 /* nigeria@3x.png in Resources */ = {isa = PBXBuildFile; fileRef = 5E13611028C392B800C5DE28 /* nigeria@3x.png */; };
		5E13612928C392B800C5DE28 /* spain@3x.png in Resources */ = {isa = PBXBuildFile; fileRef = 5E13611128C392B800C5DE28 /* spain@3x.png */; };
		5E13612A28C392B800C5DE28 /* spain@2x.png in Resources */ = {isa = PBXBuildFile; fileRef = 5E13611228C392B800C5DE28 /* spain@2x.png */; };
		5E13612B28C392B800C5DE28 /* france@3x.png in Resources */ = {isa = PBXBuildFile; fileRef = 5E13611328C392B800C5DE28 /* france@3x.png */; };
		5E13612C28C392B800C5DE28 /* nigeria@2x.png in Resources */ = {isa = PBXBuildFile; fileRef = 5E13611428C392B800C5DE28 /* nigeria@2x.png */; };
		5E13612D28C392B800C5DE28 /* monaco@2x.png in Resources */ = {isa = PBXBuildFile; fileRef = 5E13611528C392B800C5DE28 /* monaco@2x.png */; };
		5E13612E28C392B800C5DE28 /* italy@2x.png in Resources */ = {isa = PBXBuildFile; fileRef = 5E13611628C392B800C5DE28 /* italy@2x.png */; };
		5E13612F28C392B800C5DE28 /* estonia@2x.png in Resources */ = {isa = PBXBuildFile; fileRef = 5E13611728C392B800C5DE28 /* estonia@2x.png */; };
		5E13613028C392B800C5DE28 /* ireland@2x.png in Resources */ = {isa = PBXBuildFile; fileRef = 5E13611828C392B800C5DE28 /* ireland@2x.png */; };
		5E13613128C392B800C5DE28 /* us@2x.png in Resources */ = {isa = PBXBuildFile; fileRef = 5E13611928C392B800C5DE28 /* us@2x.png */; };
		5E13613228C392B800C5DE28 /* estonia@3x.png in Resources */ = {isa = PBXBuildFile; fileRef = 5E13611A28C392B800C5DE28 /* estonia@3x.png */; };
		5E13613328C392B800C5DE28 /* russia@3x.png in Resources */ = {isa = PBXBuildFile; fileRef = 5E13611B28C392B800C5DE28 /* russia@3x.png */; };
		5E13613428C392B800C5DE28 /* ireland@3x.png in Resources */ = {isa = PBXBuildFile; fileRef = 5E13611C28C392B800C5DE28 /* ireland@3x.png */; };
		5E13613528C392B800C5DE28 /* germany@3x.png in Resources */ = {isa = PBXBuildFile; fileRef = 5E13611D28C392B800C5DE28 /* germany@3x.png */; };
		5E13613628C392B800C5DE28 /* uk@3x.png in Resources */ = {isa = PBXBuildFile; fileRef = 5E13611E28C392B800C5DE28 /* uk@3x.png */; };
		5E13613728C392B800C5DE28 /* monaco@3x.png in Resources */ = {isa = PBXBuildFile; fileRef = 5E13611F28C392B800C5DE28 /* monaco@3x.png */; };
		5E13613A28C3931000C5DE28 /* DetailViewController.swift in Sources */ = {isa = PBXBuildFile; fileRef = 5E13613928C3931000C5DE28 /* DetailViewController.swift */; };
/* End PBXBuildFile section */

/* Begin PBXFileReference section */
		5E1360F128C3918D00C5DE28 /* Day23ChallengeProject.app */ = {isa = PBXFileReference; explicitFileType = wrapper.application; includeInIndex = 0; path = Day23ChallengeProject.app; sourceTree = BUILT_PRODUCTS_DIR; };
		5E1360F428C3918D00C5DE28 /* AppDelegate.swift */ = {isa = PBXFileReference; lastKnownFileType = sourcecode.swift; path = AppDelegate.swift; sourceTree = "<group>"; };
		5E1360F628C3918D00C5DE28 /* SceneDelegate.swift */ = {isa = PBXFileReference; lastKnownFileType = sourcecode.swift; path = SceneDelegate.swift; sourceTree = "<group>"; };
		5E1360F828C3918D00C5DE28 /* ViewController.swift */ = {isa = PBXFileReference; lastKnownFileType = sourcecode.swift; path = ViewController.swift; sourceTree = "<group>"; };
		5E1360FB28C3918D00C5DE28 /* Base */ = {isa = PBXFileReference; lastKnownFileType = file.storyboard; name = Base; path = Base.lproj/Main.storyboard; sourceTree = "<group>"; };
		5E1360FD28C3918E00C5DE28 /* Assets.xcassets */ = {isa = PBXFileReference; lastKnownFileType = folder.assetcatalog; path = Assets.xcassets; sourceTree = "<group>"; };
		5E13610028C3918E00C5DE28 /* Base */ = {isa = PBXFileReference; lastKnownFileType = file.storyboard; name = Base; path = Base.lproj/LaunchScreen.storyboard; sourceTree = "<group>"; };
		5E13610228C3918E00C5DE28 /* Info.plist */ = {isa = PBXFileReference; lastKnownFileType = text.plist.xml; path = Info.plist; sourceTree = "<group>"; };
		5E13610828C392B700C5DE28 /* germany@2x.png */ = {isa = PBXFileReference; lastKnownFileType = image.png; path = "germany@2x.png"; sourceTree = "<group>"; };
		5E13610928C392B700C5DE28 /* poland@2x.png */ = {isa = PBXFileReference; lastKnownFileType = image.png; path = "poland@2x.png"; sourceTree = "<group>"; };
		5E13610A28C392B700C5DE28 /* italy@3x.png */ = {isa = PBXFileReference; lastKnownFileType = image.png; path = "italy@3x.png"; sourceTree = "<group>"; };
		5E13610B28C392B700C5DE28 /* france@2x.png */ = {isa = PBXFileReference; lastKnownFileType = image.png; path = "france@2x.png"; sourceTree = "<group>"; };
		5E13610C28C392B700C5DE28 /* russia@2x.png */ = {isa = PBXFileReference; lastKnownFileType = image.png; path = "russia@2x.png"; sourceTree = "<group>"; };
		5E13610D28C392B700C5DE28 /* poland@3x.png */ = {isa = PBXFileReference; lastKnownFileType = image.png; path = "poland@3x.png"; sourceTree = "<group>"; };
		5E13610E28C392B700C5DE28 /* uk@2x.png */ = {isa = PBXFileReference; lastKnownFileType = image.png; path = "uk@2x.png"; sourceTree = "<group>"; };
		5E13610F28C392B700C5DE28 /* us@3x.png */ = {isa = PBXFileReference; lastKnownFileType = image.png; path = "us@3x.png"; sourceTree = "<group>"; };
		5E13611028C392B800C5DE28 /* nigeria@3x.png */ = {isa = PBXFileReference; lastKnownFileType = image.png; path = "nigeria@3x.png"; sourceTree = "<group>"; };
		5E13611128C392B800C5DE28 /* spain@3x.png */ = {isa = PBXFileReference; lastKnownFileType = image.png; path = "spain@3x.png"; sourceTree = "<group>"; };
		5E13611228C392B800C5DE28 /* spain@2x.png */ = {isa = PBXFileReference; lastKnownFileType = image.png; path = "spain@2x.png"; sourceTree = "<group>"; };
		5E13611328C392B800C5DE28 /* france@3x.png */ = {isa = PBXFileReference; lastKnownFileType = image.png; path = "france@3x.png"; sourceTree = "<group>"; };
		5E13611428C392B800C5DE28 /* nigeria@2x.png */ = {isa = PBXFileReference; lastKnownFileType = image.png; path = "nigeria@2x.png"; sourceTree = "<group>"; };
		5E13611528C392B800C5DE28 /* monaco@2x.png */ = {isa = PBXFileReference; lastKnownFileType = image.png; path = "monaco@2x.png"; sourceTree = "<group>"; };
		5E13611628C392B800C5DE28 /* italy@2x.png */ = {isa = PBXFileReference; lastKnownFileType = image.png; path = "italy@2x.png"; sourceTree = "<group>"; };
		5E13611728C392B800C5DE28 /* estonia@2x.png */ = {isa = PBXFileReference; lastKnownFileType = image.png; path = "estonia@2x.png"; sourceTree = "<group>"; };
		5E13611828C392B800C5DE28 /* ireland@2x.png */ = {isa = PBXFileReference; lastKnownFileType = image.png; path = "ireland@2x.png"; sourceTree = "<group>"; };
		5E13611928C392B800C5DE28 /* us@2x.png */ = {isa = PBXFileReference; lastKnownFileType = image.png; path = "us@2x.png"; sourceTree = "<group>"; };
		5E13611A28C392B800C5DE28 /* estonia@3x.png */ = {isa = PBXFileReference; lastKnownFileType = image.png; path = "estonia@3x.png"; sourceTree = "<group>"; };
		5E13611B28C392B800C5DE28 /* russia@3x.png */ = {isa = PBXFileReference; lastKnownFileType = image.png; path = "russia@3x.png"; sourceTree = "<group>"; };
		5E13611C28C392B800C5DE28 /* ireland@3x.png */ = {isa = PBXFileReference; lastKnownFileType = image.png; path = "ireland@3x.png"; sourceTree = "<group>"; };
		5E13611D28C392B800C5DE28 /* germany@3x.png */ = {isa = PBXFileReference; lastKnownFileType = image.png; path = "germany@3x.png"; sourceTree = "<group>"; };
		5E13611E28C392B800C5DE28 /* uk@3x.png */ = {isa = PBXFileReference; lastKnownFileType = image.png; path = "uk@3x.png"; sourceTree = "<group>"; };
		5E13611F28C392B800C5DE28 /* monaco@3x.png */ = {isa = PBXFileReference; lastKnownFileType = image.png; path = "monaco@3x.png"; sourceTree = "<group>"; };
		5E13613928C3931000C5DE28 /* DetailViewController.swift */ = {isa = PBXFileReference; lastKnownFileType = sourcecode.swift; path = DetailViewController.swift; sourceTree = "<group>"; };
/* End PBXFileReference section */

/* Begin PBXFrameworksBuildPhase section */
		5E1360EE28C3918D00C5DE28 /* Frameworks */ = {
			isa = PBXFrameworksBuildPhase;
			buildActionMask = 2147483647;
			files = (
			);
			runOnlyForDeploymentPostprocessing = 0;
		};
/* End PBXFrameworksBuildPhase section */

/* Begin PBXGroup section */
		5E1360E828C3918D00C5DE28 = {
			isa = PBXGroup;
			children = (
				5E1360F328C3918D00C5DE28 /* Day23ChallengeProject */,
				5E1360F228C3918D00C5DE28 /* Products */,
			);
			sourceTree = "<group>";
		};
		5E1360F228C3918D00C5DE28 /* Products */ = {
			isa = PBXGroup;
			children = (
				5E1360F128C3918D00C5DE28 /* Day23ChallengeProject.app */,
			);
			name = Products;
			sourceTree = "<group>";
		};
		5E1360F328C3918D00C5DE28 /* Day23ChallengeProject */ = {
			isa = PBXGroup;
			children = (
				5E1360F428C3918D00C5DE28 /* AppDelegate.swift */,
				5E1360F628C3918D00C5DE28 /* SceneDelegate.swift */,
				5E1360F828C3918D00C5DE28 /* ViewController.swift */,
				5E13613928C3931000C5DE28 /* DetailViewController.swift */,
				5E1360FA28C3918D00C5DE28 /* Main.storyboard */,
				5E1360FD28C3918E00C5DE28 /* Assets.xcassets */,
				5E1360FF28C3918E00C5DE28 /* LaunchScreen.storyboard */,
				5E13610228C3918E00C5DE28 /* Info.plist */,
				5E13613828C392F300C5DE28 /* flags */,
			);
			path = Day23ChallengeProject;
			sourceTree = "<group>";
		};
		5E13613828C392F300C5DE28 /* flags */ = {
			isa = PBXGroup;
			children = (
				5E13611728C392B800C5DE28 /* estonia@2x.png */,
				5E13611A28C392B800C5DE28 /* estonia@3x.png */,
				5E13610B28C392B700C5DE28 /* france@2x.png */,
				5E13611328C392B800C5DE28 /* france@3x.png */,
				5E13610828C392B700C5DE28 /* germany@2x.png */,
				5E13611D28C392B800C5DE28 /* germany@3x.png */,
				5E13611828C392B800C5DE28 /* ireland@2x.png */,
				5E13611C28C392B800C5DE28 /* ireland@3x.png */,
				5E13611628C392B800C5DE28 /* italy@2x.png */,
				5E13610A28C392B700C5DE28 /* italy@3x.png */,
				5E13611528C392B800C5DE28 /* monaco@2x.png */,
				5E13611F28C392B800C5DE28 /* monaco@3x.png */,
				5E13611428C392B800C5DE28 /* nigeria@2x.png */,
				5E13611028C392B800C5DE28 /* nigeria@3x.png */,
				5E13610928C392B700C5DE28 /* poland@2x.png */,
				5E13610D28C392B700C5DE28 /* poland@3x.png */,
				5E13610C28C392B700C5DE28 /* russia@2x.png */,
				5E13611B28C392B800C5DE28 /* russia@3x.png */,
				5E13611228C392B800C5DE28 /* spain@2x.png */,
				5E13611128C392B800C5DE28 /* spain@3x.png */,
				5E13610E28C392B700C5DE28 /* uk@2x.png */,
				5E13611E28C392B800C5DE28 /* uk@3x.png */,
				5E13611928C392B800C5DE28 /* us@2x.png */,
				5E13610F28C392B700C5DE28 /* us@3x.png */,
			);
			path = flags;
			sourceTree = "<group>";
		};
/* End PBXGroup section */

/* Begin PBXNativeTarget section */
		5E1360F028C3918D00C5DE28 /* Day23ChallengeProject */ = {
			isa = PBXNativeTarget;
			buildConfigurationList = 5E13610528C3918E00C5DE28 /* Build configuration list for PBXNativeTarget "Day23ChallengeProject" */;
			buildPhases = (
				5E1360ED28C3918D00C5DE28 /* Sources */,
				5E1360EE28C3918D00C5DE28 /* Frameworks */,
				5E1360EF28C3918D00C5DE28 /* Resources */,
			);
			buildRules = (
			);
			dependencies = (
			);
			name = Day23ChallengeProject;
			productName = Day23ChallengeProject;
			productReference = 5E1360F128C3918D00C5DE28 /* Day23ChallengeProject.app */;
			productType = "com.apple.product-type.application";
		};
/* End PBXNativeTarget section */

/* Begin PBXProject section */
		5E1360E928C3918D00C5DE28 /* Project object */ = {
			isa = PBXProject;
			attributes = {
				BuildIndependentTargetsInParallel = 1;
				LastSwiftUpdateCheck = 1340;
				LastUpgradeCheck = 1340;
				TargetAttributes = {
					5E1360F028C3918D00C5DE28 = {
						CreatedOnToolsVersion = 13.4.1;
					};
				};
			};
			buildConfigurationList = 5E1360EC28C3918D00C5DE28 /* Build configuration list for PBXProject "Day23ChallengeProject" */;
			compatibilityVersion = "Xcode 13.0";
			developmentRegion = en;
			hasScannedForEncodings = 0;
			knownRegions = (
				en,
				Base,
			);
			mainGroup = 5E1360E828C3918D00C5DE28;
			productRefGroup = 5E1360F228C3918D00C5DE28 /* Products */;
			projectDirPath = "";
			projectRoot = "";
			targets = (
				5E1360F028C3918D00C5DE28 /* Day23ChallengeProject */,
			);
		};
/* End PBXProject section */

/* Begin PBXResourcesBuildPhase section */
		5E1360EF28C3918D00C5DE28 /* Resources */ = {
			isa = PBXResourcesBuildPhase;
			buildActionMask = 2147483647;
			files = (
				5E13613128C392B800C5DE28 /* us@2x.png in Resources */,
				5E13612D28C392B800C5DE28 /* monaco@2x.png in Resources */,
				5E13612328C392B800C5DE28 /* france@2x.png in Resources */,
				5E13613728C392B800C5DE28 /* monaco@3x.png in Resources */,
				5E13612428C392B800C5DE28 /* russia@2x.png in Resources */,
				5E13610128C3918E00C5DE28 /* LaunchScreen.storyboard in Resources */,
				5E13613228C392B800C5DE28 /* estonia@3x.png in Resources */,
				5E13612F28C392B800C5DE28 /* estonia@2x.png in Resources */,
				5E13612128C392B800C5DE28 /* poland@2x.png in Resources */,
				5E13613528C392B800C5DE28 /* germany@3x.png in Resources */,
				5E1360FE28C3918E00C5DE28 /* Assets.xcassets in Resources */,
				5E13612B28C392B800C5DE28 /* france@3x.png in Resources */,
				5E13612528C392B800C5DE28 /* poland@3x.png in Resources */,
				5E13613428C392B800C5DE28 /* ireland@3x.png in Resources */,
				5E13612228C392B800C5DE28 /* italy@3x.png in Resources */,
				5E13612828C392B800C5DE28 /* nigeria@3x.png in Resources */,
				5E13613328C392B800C5DE28 /* russia@3x.png in Resources */,
				5E13612028C392B800C5DE28 /* germany@2x.png in Resources */,
				5E13613628C392B800C5DE28 /* uk@3x.png in Resources */,
				5E13612C28C392B800C5DE28 /* nigeria@2x.png in Resources */,
				5E13612E28C392B800C5DE28 /* italy@2x.png in Resources */,
				5E13612628C392B800C5DE28 /* uk@2x.png in Resources */,
				5E13612928C392B800C5DE28 /* spain@3x.png in Resources */,
				5E1360FC28C3918D00C5DE28 /* Main.storyboard in Resources */,
				5E13612A28C392B800C5DE28 /* spain@2x.png in Resources */,
				5E13613028C392B800C5DE28 /* ireland@2x.png in Resources */,
				5E13612728C392B800C5DE28 /* us@3x.png in Resources */,
			);
			runOnlyForDeploymentPostprocessing = 0;
		};
/* End PBXResourcesBuildPhase section */

/* Begin PBXSourcesBuildPhase section */
		5E1360ED28C3918D00C5DE28 /* Sources */ = {
			isa = PBXSourcesBuildPhase;
			buildActionMask = 2147483647;
			files = (
				5E1360F928C3918D00C5DE28 /* ViewController.swift in Sources */,
				5E1360F528C3918D00C5DE28 /* AppDelegate.swift in Sources */,
				5E1360F728C3918D00C5DE28 /* SceneDelegate.swift in Sources */,
				5E13613A28C3931000C5DE28 /* DetailViewController.swift in Sources */,
			);
			runOnlyForDeploymentPostprocessing = 0;
		};
/* End PBXSourcesBuildPhase section */

/* Begin PBXVariantGroup section */
		5E1360FA28C3918D00C5DE28 /* Main.storyboard */ = {
			isa = PBXVariantGroup;
			children = (
				5E1360FB28C3918D00C5DE28 /* Base */,
			);
			name = Main.storyboard;
			sourceTree = "<group>";
		};
		5E1360FF28C3918E00C5DE28 /* LaunchScreen.storyboard */ = {
			isa = PBXVariantGroup;
			children = (
				5E13610028C3918E00C5DE28 /* Base */,
			);
			name = LaunchScreen.storyboard;
			sourceTree = "<group>";
		};
/* End PBXVariantGroup section */

/* Begin XCBuildConfiguration section */
		5E13610328C3918E00C5DE28 /* Debug */ = {
			isa = XCBuildConfiguration;
			buildSettings = {
				ALWAYS_SEARCH_USER_PATHS = NO;
				CLANG_ANALYZER_NONNULL = YES;
				CLANG_ANALYZER_NUMBER_OBJECT_CONVERSION = YES_AGGRESSIVE;
				CLANG_CXX_LANGUAGE_STANDARD = "gnu++17";
				CLANG_ENABLE_MODULES = YES;
				CLANG_ENABLE_OBJC_ARC = YES;
				CLANG_ENABLE_OBJC_WEAK = YES;
				CLANG_WARN_BLOCK_CAPTURE_AUTORELEASING = YES;
				CLANG_WARN_BOOL_CONVERSION = YES;
				CLANG_WARN_COMMA = YES;
				CLANG_WARN_CONSTANT_CONVERSION = YES;
				CLANG_WARN_DEPRECATED_OBJC_IMPLEMENTATIONS = YES;
				CLANG_WARN_DIRECT_OBJC_ISA_USAGE = YES_ERROR;
				CLANG_WARN_DOCUMENTATION_COMMENTS = YES;
				CLANG_WARN_EMPTY_BODY = YES;
				CLANG_WARN_ENUM_CONVERSION = YES;
				CLANG_WARN_INFINITE_RECURSION = YES;
				CLANG_WARN_INT_CONVERSION = YES;
				CLANG_WARN_NON_LITERAL_NULL_CONVERSION = YES;
				CLANG_WARN_OBJC_IMPLICIT_RETAIN_SELF = YES;
				CLANG_WARN_OBJC_LITERAL_CONVERSION = YES;
				CLANG_WARN_OBJC_ROOT_CLASS = YES_ERROR;
				CLANG_WARN_QUOTED_INCLUDE_IN_FRAMEWORK_HEADER = YES;
				CLANG_WARN_RANGE_LOOP_ANALYSIS = YES;
				CLANG_WARN_STRICT_PROTOTYPES = YES;
				CLANG_WARN_SUSPICIOUS_MOVE = YES;
				CLANG_WARN_UNGUARDED_AVAILABILITY = YES_AGGRESSIVE;
				CLANG_WARN_UNREACHABLE_CODE = YES;
				CLANG_WARN__DUPLICATE_METHOD_MATCH = YES;
				COPY_PHASE_STRIP = NO;
				DEBUG_INFORMATION_FORMAT = dwarf;
				ENABLE_STRICT_OBJC_MSGSEND = YES;
				ENABLE_TESTABILITY = YES;
				GCC_C_LANGUAGE_STANDARD = gnu11;
				GCC_DYNAMIC_NO_PIC = NO;
				GCC_NO_COMMON_BLOCKS = YES;
				GCC_OPTIMIZATION_LEVEL = 0;
				GCC_PREPROCESSOR_DEFINITIONS = (
					"DEBUG=1",
					"$(inherited)",
				);
				GCC_WARN_64_TO_32_BIT_CONVERSION = YES;
				GCC_WARN_ABOUT_RETURN_TYPE = YES_ERROR;
				GCC_WARN_UNDECLARED_SELECTOR = YES;
				GCC_WARN_UNINITIALIZED_AUTOS = YES_AGGRESSIVE;
				GCC_WARN_UNUSED_FUNCTION = YES;
				GCC_WARN_UNUSED_VARIABLE = YES;
				IPHONEOS_DEPLOYMENT_TARGET = 15.5;
				MTL_ENABLE_DEBUG_INFO = INCLUDE_SOURCE;
				MTL_FAST_MATH = YES;
				ONLY_ACTIVE_ARCH = YES;
				SDKROOT = iphoneos;
				SWIFT_ACTIVE_COMPILATION_CONDITIONS = DEBUG;
				SWIFT_OPTIMIZATION_LEVEL = "-Onone";
			};
			name = Debug;
		};
		5E13610428C3918E00C5DE28 /* Release */ = {
			isa = XCBuildConfiguration;
			buildSettings = {
				ALWAYS_SEARCH_USER_PATHS = NO;
				CLANG_ANALYZER_NONNULL = YES;
				CLANG_ANALYZER_NUMBER_OBJECT_CONVERSION = YES_AGGRESSIVE;
				CLANG_CXX_LANGUAGE_STANDARD = "gnu++17";
				CLANG_ENABLE_MODULES = YES;
				CLANG_ENABLE_OBJC_ARC = YES;
				CLANG_ENABLE_OBJC_WEAK = YES;
				CLANG_WARN_BLOCK_CAPTURE_AUTORELEASING = YES;
				CLANG_WARN_BOOL_CONVERSION = YES;
				CLANG_WARN_COMMA = YES;
				CLANG_WARN_CONSTANT_CONVERSION = YES;
				CLANG_WARN_DEPRECATED_OBJC_IMPLEMENTATIONS = YES;
				CLANG_WARN_DIRECT_OBJC_ISA_USAGE = YES_ERROR;
				CLANG_WARN_DOCUMENTATION_COMMENTS = YES;
				CLANG_WARN_EMPTY_BODY = YES;
				CLANG_WARN_ENUM_CONVERSION = YES;
				CLANG_WARN_INFINITE_RECURSION = YES;
				CLANG_WARN_INT_CONVERSION = YES;
				CLANG_WARN_NON_LITERAL_NULL_CONVERSION = YES;
				CLANG_WARN_OBJC_IMPLICIT_RETAIN_SELF = YES;
				CLANG_WARN_OBJC_LITERAL_CONVERSION = YES;
				CLANG_WARN_OBJC_ROOT_CLASS = YES_ERROR;
				CLANG_WARN_QUOTED_INCLUDE_IN_FRAMEWORK_HEADER = YES;
				CLANG_WARN_RANGE_LOOP_ANALYSIS = YES;
				CLANG_WARN_STRICT_PROTOTYPES = YES;
				CLANG_WARN_SUSPICIOUS_MOVE = YES;
				CLANG_WARN_UNGUARDED_AVAILABILITY = YES_AGGRESSIVE;
				CLANG_WARN_UNREACHABLE_CODE = YES;
				CLANG_WARN__DUPLICATE_METHOD_MATCH = YES;
				COPY_PHASE_STRIP = NO;
				DEBUG_INFORMATION_FORMAT = "dwarf-with-dsym";
				ENABLE_NS_ASSERTIONS = NO;
				ENABLE_STRICT_OBJC_MSGSEND = YES;
				GCC_C_LANGUAGE_STANDARD = gnu11;
				GCC_NO_COMMON_BLOCKS = YES;
				GCC_WARN_64_TO_32_BIT_CONVERSION = YES;
				GCC_WARN_ABOUT_RETURN_TYPE = YES_ERROR;
				GCC_WARN_UNDECLARED_SELECTOR = YES;
				GCC_WARN_UNINITIALIZED_AUTOS = YES_AGGRESSIVE;
				GCC_WARN_UNUSED_FUNCTION = YES;
				GCC_WARN_UNUSED_VARIABLE = YES;
				IPHONEOS_DEPLOYMENT_TARGET = 15.5;
				MTL_ENABLE_DEBUG_INFO = NO;
				MTL_FAST_MATH = YES;
				SDKROOT = iphoneos;
				SWIFT_COMPILATION_MODE = wholemodule;
				SWIFT_OPTIMIZATION_LEVEL = "-O";
				VALIDATE_PRODUCT = YES;
			};
			name = Release;
		};
		5E13610628C3918E00C5DE28 /* Debug */ = {
			isa = XCBuildConfiguration;
			buildSettings = {
				ASSETCATALOG_COMPILER_APPICON_NAME = AppIcon;
				ASSETCATALOG_COMPILER_GLOBAL_ACCENT_COLOR_NAME = AccentColor;
				CODE_SIGN_STYLE = Automatic;
				CURRENT_PROJECT_VERSION = 1;
				DEVELOPMENT_TEAM = 753E9E6DKV;
				GENERATE_INFOPLIST_FILE = YES;
				INFOPLIST_FILE = Day23ChallengeProject/Info.plist;
				INFOPLIST_KEY_UIApplicationSupportsIndirectInputEvents = YES;
				INFOPLIST_KEY_UILaunchStoryboardName = LaunchScreen;
				INFOPLIST_KEY_UIMainStoryboardFile = Main;
				INFOPLIST_KEY_UISupportedInterfaceOrientations_iPad = "UIInterfaceOrientationPortrait UIInterfaceOrientationPortraitUpsideDown UIInterfaceOrientationLandscapeLeft UIInterfaceOrientationLandscapeRight";
				INFOPLIST_KEY_UISupportedInterfaceOrientations_iPhone = "UIInterfaceOrientationPortrait UIInterfaceOrientationLandscapeLeft UIInterfaceOrientationLandscapeRight";
				LD_RUNPATH_SEARCH_PATHS = (
					"$(inherited)",
					"@executable_path/Frameworks",
				);
				MARKETING_VERSION = 1.0;
				PRODUCT_BUNDLE_IDENTIFIER = com.rcher.Day23ChallengeProject;
				PRODUCT_NAME = "$(TARGET_NAME)";
				SWIFT_EMIT_LOC_STRINGS = YES;
				SWIFT_VERSION = 5.0;
				TARGETED_DEVICE_FAMILY = "1,2";
			};
			name = Debug;
		};
		5E13610728C3918E00C5DE28 /* Release */ = {
			isa = XCBuildConfiguration;
			buildSettings = {
				ASSETCATALOG_COMPILER_APPICON_NAME = AppIcon;
				ASSETCATALOG_COMPILER_GLOBAL_ACCENT_COLOR_NAME = AccentColor;
				CODE_SIGN_STYLE = Automatic;
				CURRENT_PROJECT_VERSION = 1;
				DEVELOPMENT_TEAM = 753E9E6DKV;
				GENERATE_INFOPLIST_FILE = YES;
				INFOPLIST_FILE = Day23ChallengeProject/Info.plist;
				INFOPLIST_KEY_UIApplicationSupportsIndirectInputEvents = YES;
				INFOPLIST_KEY_UILaunchStoryboardName = LaunchScreen;
				INFOPLIST_KEY_UIMainStoryboardFile = Main;
				INFOPLIST_KEY_UISupportedInterfaceOrientations_iPad = "UIInterfaceOrientationPortrait UIInterfaceOrientationPortraitUpsideDown UIInterfaceOrientationLandscapeLeft UIInterfaceOrientationLandscapeRight";
				INFOPLIST_KEY_UISupportedInterfaceOrientations_iPhone = "UIInterfaceOrientationPortrait UIInterfaceOrientationLandscapeLeft UIInterfaceOrientationLandscapeRight";
				LD_RUNPATH_SEARCH_PATHS = (
					"$(inherited)",
					"@executable_path/Frameworks",
				);
				MARKETING_VERSION = 1.0;
				PRODUCT_BUNDLE_IDENTIFIER = com.rcher.Day23ChallengeProject;
				PRODUCT_NAME = "$(TARGET_NAME)";
				SWIFT_EMIT_LOC_STRINGS = YES;
				SWIFT_VERSION = 5.0;
				TARGETED_DEVICE_FAMILY = "1,2";
			};
			name = Release;
		};
/* End XCBuildConfiguration section */

/* Begin XCConfigurationList section */
		5E1360EC28C3918D00C5DE28 /* Build configuration list for PBXProject "Day23ChallengeProject" */ = {
			isa = XCConfigurationList;
			buildConfigurations = (
				5E13610328C3918E00C5DE28 /* Debug */,
				5E13610428C3918E00C5DE28 /* Release */,
			);
			defaultConfigurationIsVisible = 0;
			defaultConfigurationName = Release;
		};
		5E13610528C3918E00C5DE28 /* Build configuration list for PBXNativeTarget "Day23ChallengeProject" */ = {
			isa = XCConfigurationList;
			buildConfigurations = (
				5E13610628C3918E00C5DE28 /* Debug */,
				5E13610728C3918E00C5DE28 /* Release */,
			);
			defaultConfigurationIsVisible = 0;
			defaultConfigurationName = Release;
		};
/* End XCConfigurationList section */
	};
	rootObject = 5E1360E928C3918D00C5DE28 /* Project object */;
}
